
Microsoft Visual Studio Solution File, Format Version 12.00
# Visual Studio 2012
Project("{FAE04EC0-301F-11D3-BF4B-00C04F79EFBC}") = "EstruturaDeDados20140417 - Arvore 03", "EstruturaDeDados20140417 - Arvore 03\EstruturaDeDados20140417 - Arvore 03.csproj", "{2B40A609-B8FC-4EF1-B52C-C7E4532EDA4F}"
EndProject
Project("{FAE04EC0-301F-11D3-BF4B-00C04F79EFBC}") = "EstruturaDeDados20140424 Arvore 04 Balanceamrnto AVL", "EstruturaDeDados20140424 Arvore 04 Balanceada AVL\EstruturaDeDados20140424 Arvore 04 Balanceamrnto AVL.csproj", "{F56D5504-753C-486A-9AA3-BBFF20E4B9F5}"
EndProject
Project("{FAE04EC0-301F-11D3-BF4B-00C04F79EFBC}") = "Compiladores20140428 Analisador Lexico 09", "Compiladores20140428 Analisador Lexico 09\Compiladores20140428 Analisador Lexico 09.csproj", "{61657B89-9F0D-4371-8651-3948DA7418B2}"
EndProject
Project("{FAE04EC0-301F-11D3-BF4B-00C04F79EFBC}") = "Compiladores20140414 Analisador Lexico 08", "Compiladores20140414 Analisador Lexico 08\Compiladores20140414 Analisador Lexico 08.csproj", "{B026AE5F-C285-48E8-814A-32344FE88252}"
EndProject
Project("{FAE04EC0-301F-11D3-BF4B-00C04F79EFBC}") = "Compiladores20140505 Analisador Lexico 10", "Compiladores20140505 Analisador Lexico 10\Compiladores20140505 Analisador Lexico 10.csproj", "{ADA0109D-DF4B-4F1D-8A99-A85382DFE2F4}"
EndProject
Project("{FAE04EC0-301F-11D3-BF4B-00C04F79EFBC}") = "EstruturaDeDados20140505 Arvore 05 Balanceamento AVL", "EstruturaDeDados20140505 Arvore 05 Balanceamento AVL\EstruturaDeDados20140505 Arvore 05 Balanceamento AVL.csproj", "{9B02A4B5-F0D9-4439-A34D-8FB1E62A9FCD}"
EndProject
Global
	GlobalSection(SolutionConfigurationPlatforms) = preSolution
		Debug|Any CPU = Debug|Any CPU
		Release|Any CPU = Release|Any CPU
	EndGlobalSection
	GlobalSection(ProjectConfigurationPlatforms) = postSolution
		{2B40A609-B8FC-4EF1-B52C-C7E4532EDA4F}.Debug|Any CPU.ActiveCfg = Debug|Any CPU
		{2B40A609-B8FC-4EF1-B52C-C7E4532EDA4F}.Debug|Any CPU.Build.0 = Debug|Any CPU
		{2B40A609-B8FC-4EF1-B52C-C7E4532EDA4F}.Release|Any CPU.ActiveCfg = Release|Any CPU
		{2B40A609-B8FC-4EF1-B52C-C7E4532EDA4F}.Release|Any CPU.Build.0 = Release|Any CPU
		{F56D5504-753C-486A-9AA3-BBFF20E4B9F5}.Debug|Any CPU.ActiveCfg = Debug|Any CPU
		{F56D5504-753C-486A-9AA3-BBFF20E4B9F5}.Debug|Any CPU.Build.0 = Debug|Any CPU
		{F56D5504-753C-486A-9AA3-BBFF20E4B9F5}.Release|Any CPU.ActiveCfg = Release|Any CPU
		{F56D5504-753C-486A-9AA3-BBFF20E4B9F5}.Release|Any CPU.Build.0 = Release|Any CPU
		{61657B89-9F0D-4371-8651-3948DA7418B2}.Debug|Any CPU.ActiveCfg = Debug|Any CPU
		{61657B89-9F0D-4371-8651-3948DA7418B2}.Debug|Any CPU.Build.0 = Debug|Any CPU
		{61657B89-9F0D-4371-8651-3948DA7418B2}.Release|Any CPU.ActiveCfg = Release|Any CPU
		{61657B89-9F0D-4371-8651-3948DA7418B2}.Release|Any CPU.Build.0 = Release|Any CPU
		{B026AE5F-C285-48E8-814A-32344FE88252}.Debug|Any CPU.ActiveCfg = Debug|Any CPU
		{B026AE5F-C285-48E8-814A-32344FE88252}.Debug|Any CPU.Build.0 = Debug|Any CPU
		{B026AE5F-C285-48E8-814A-32344FE88252}.Release|Any CPU.ActiveCfg = Release|Any CPU
		{B026AE5F-C285-48E8-814A-32344FE88252}.Release|Any CPU.Build.0 = Release|Any CPU
		{ADA0109D-DF4B-4F1D-8A99-A85382DFE2F4}.Debug|Any CPU.ActiveCfg = Debug|Any CPU
		{ADA0109D-DF4B-4F1D-8A99-A85382DFE2F4}.Debug|Any CPU.Build.0 = Debug|Any CPU
		{ADA0109D-DF4B-4F1D-8A99-A85382DFE2F4}.Release|Any CPU.ActiveCfg = Release|Any CPU
		{ADA0109D-DF4B-4F1D-8A99-A85382DFE2F4}.Release|Any CPU.Build.0 = Release|Any CPU
		{9B02A4B5-F0D9-4439-A34D-8FB1E62A9FCD}.Debug|Any CPU.ActiveCfg = Debug|Any CPU
		{9B02A4B5-F0D9-4439-A34D-8FB1E62A9FCD}.Debug|Any CPU.Build.0 = Debug|Any CPU
		{9B02A4B5-F0D9-4439-A34D-8FB1E62A9FCD}.Release|Any CPU.ActiveCfg = Release|Any CPU
		{9B02A4B5-F0D9-4439-A34D-8FB1E62A9FCD}.Release|Any CPU.Build.0 = Release|Any CPU
	EndGlobalSection
	GlobalSection(SolutionProperties) = preSolution
		HideSolutionNode = FALSE
	EndGlobalSection
EndGlobal
